
Microsoft Visual Studio Solution File, Format Version 12.00
# Visual Studio Version 16
VisualStudioVersion = 16.0.30804.86
MinimumVisualStudioVersion = 10.0.40219.1
Project("{9A19103F-16F7-4668-BE54-9A1E7A4F7556}") = "Vector.Share", "Vector.Share\Vector.Share.csproj", "{BB1468AF-ADEE-4AF5-9CD1-7C4B68253E22}"
EndProject
Global
	GlobalSection(SolutionConfigurationPlatforms) = preSolution
		Debug|Any CPU = Debug|Any CPU
		Release|Any CPU = Release|Any CPU
	EndGlobalSection
	GlobalSection(ProjectConfigurationPlatforms) = postSolution
		{BB1468AF-ADEE-4AF5-9CD1-7C4B68253E22}.Debug|Any CPU.ActiveCfg = Debug|Any CPU
		{BB1468AF-ADEE-4AF5-9CD1-7C4B68253E22}.Debug|Any CPU.Build.0 = Debug|Any CPU
		{BB1468AF-ADEE-4AF5-9CD1-7C4B68253E22}.Release|Any CPU.ActiveCfg = Release|Any CPU
		{BB1468AF-ADEE-4AF5-9CD1-7C4B68253E22}.Release|Any CPU.Build.0 = Release|Any CPU
	EndGlobalSection
	GlobalSection(SolutionProperties) = preSolution
		HideSolutionNode = FALSE
	EndGlobalSection
	GlobalSection(ExtensibilityGlobals) = postSolution
		SolutionGuid = {652065F7-5167-48CA-B271-F34FA9A9F7BD}
	EndGlobalSection
EndGlobal
